
Microsoft Visual Studio Solution File, Format Version 12.00
# Visual Studio Version 17
VisualStudioVersion = 17.0.31423.177
MinimumVisualStudioVersion = 10.0.40219.1
Project("{9A19103F-16F7-4668-BE54-9A1E7A4F7556}") = "RandomHoliday", "RandomHoliday\RandomHoliday.csproj", "{0892A0DE-8128-4BED-8E84-53766DE660F3}"
EndProject
Project("{2150E333-8FDC-42A3-9474-1A3956D46DE8}") = "Solution Items", "Solution Items", "{CA2AB577-8891-48F7-912C-171FCB9105D2}"
	ProjectSection(SolutionItems) = preProject
		.editorconfig = .editorconfig
		readme.md = readme.md
	EndProjectSection
EndProject
Project("{9A19103F-16F7-4668-BE54-9A1E7A4F7556}") = "CsvCleaner", "CsvCleaner\CsvCleaner.csproj", "{623A9F40-F06C-43AD-9AF0-4954471B1F7D}"
EndProject
Global
	GlobalSection(SolutionConfigurationPlatforms) = preSolution
		Debug|Any CPU = Debug|Any CPU
		Release|Any CPU = Release|Any CPU
	EndGlobalSection
	GlobalSection(ProjectConfigurationPlatforms) = postSolution
		{0892A0DE-8128-4BED-8E84-53766DE660F3}.Debug|Any CPU.ActiveCfg = Debug|Any CPU
		{0892A0DE-8128-4BED-8E84-53766DE660F3}.Debug|Any CPU.Build.0 = Debug|Any CPU
		{0892A0DE-8128-4BED-8E84-53766DE660F3}.Release|Any CPU.ActiveCfg = Release|Any CPU
		{0892A0DE-8128-4BED-8E84-53766DE660F3}.Release|Any CPU.Build.0 = Release|Any CPU
		{623A9F40-F06C-43AD-9AF0-4954471B1F7D}.Debug|Any CPU.ActiveCfg = Debug|Any CPU
		{623A9F40-F06C-43AD-9AF0-4954471B1F7D}.Debug|Any CPU.Build.0 = Debug|Any CPU
		{623A9F40-F06C-43AD-9AF0-4954471B1F7D}.Release|Any CPU.ActiveCfg = Release|Any CPU
		{623A9F40-F06C-43AD-9AF0-4954471B1F7D}.Release|Any CPU.Build.0 = Release|Any CPU
	EndGlobalSection
	GlobalSection(SolutionProperties) = preSolution
		HideSolutionNode = FALSE
	EndGlobalSection
	GlobalSection(ExtensibilityGlobals) = postSolution
		SolutionGuid = {76FAD562-A7D1-46E3-B961-66741DBEAD75}
	EndGlobalSection
EndGlobal
